
Microsoft Visual Studio Solution File, Format Version 12.00
# Visual Studio Version 16
VisualStudioVersion = 16.0.30517.126
MinimumVisualStudioVersion = 10.0.40219.1
Project("{9A19103F-16F7-4668-BE54-9A1E7A4F7556}") = "Open-Lab-10.01", "Open-Lab-10.01.csproj", "{7CF94F88-ADB8-44B9-AE70-C92A05CF5BCD}"
EndProject
Global
	GlobalSection(SolutionConfigurationPlatforms) = preSolution
		Debug|Any CPU = Debug|Any CPU
		Release|Any CPU = Release|Any CPU
	EndGlobalSection
	GlobalSection(ProjectConfigurationPlatforms) = postSolution
		{7CF94F88-ADB8-44B9-AE70-C92A05CF5BCD}.Debug|Any CPU.ActiveCfg = Debug|Any CPU
		{7CF94F88-ADB8-44B9-AE70-C92A05CF5BCD}.Debug|Any CPU.Build.0 = Debug|Any CPU
		{7CF94F88-ADB8-44B9-AE70-C92A05CF5BCD}.Release|Any CPU.ActiveCfg = Release|Any CPU
		{7CF94F88-ADB8-44B9-AE70-C92A05CF5BCD}.Release|Any CPU.Build.0 = Release|Any CPU
	EndGlobalSection
	GlobalSection(SolutionProperties) = preSolution
		HideSolutionNode = FALSE
	EndGlobalSection
	GlobalSection(ExtensibilityGlobals) = postSolution
		SolutionGuid = {15C4DFA6-3F7A-4080-BE2D-08E25A1790A8}
	EndGlobalSection
EndGlobal
